{
  "name": "razorify",
  "version": "1.0.0",
  "lockfileVersion": 3,
  "requires": true,
  "packages": {
    "": {
      "name": "razorify",
      "version": "1.0.0",
      "license": "ISC",
      "dependencies": {
        "xregexp": "^5.1.1"
      }
    },
    "node_modules/@babel/runtime-corejs3": {
      "version": "7.20.13",
      "resolved": "https://registry.npmjs.org/@babel/runtime-corejs3/-/runtime-corejs3-7.20.13.tgz",
      "integrity": "sha512-p39/6rmY9uvlzRiLZBIB3G9/EBr66LBMcYm7fIDeSBNdRjF2AGD3rFZucUyAgGHC2N+7DdLvVi33uTjSE44FIw==",
      "dependencies": {
        "core-js-pure": "^3.25.1",
        "regenerator-runtime": "^0.13.11"
      },
      "engines": {
        "node": ">=6.9.0"
      }
    },
    "node_modules/core-js-pure": {
      "version": "3.27.2",
      "resolved": "https://registry.npmjs.org/core-js-pure/-/core-js-pure-3.27.2.tgz",
      "integrity": "sha512-Cf2jqAbXgWH3VVzjyaaFkY1EBazxugUepGymDoeteyYr9ByX51kD2jdHZlsEF/xnJMyN3Prua7mQuzwMg6Zc9A==",
      "hasInstallScript": true,
      "funding": {
        "type": "opencollective",
        "url": "https://opencollective.com/core-js"
      }
    },
    "node_modules/regenerator-runtime": {
      "version": "0.13.11",
      "resolved": "https://registry.npmjs.org/regenerator-runtime/-/regenerator-runtime-0.13.11.tgz",
      "integrity": "sha512-kY1AZVr2Ra+t+piVaJ4gxaFaReZVH40AKNo7UCX6W+dEwBo/2oZJzqfuN1qLq1oL45o56cPaTXELwrTh8Fpggg=="
    },
    "node_modules/xregexp": {
      "version": "5.1.1",
      "resolved": "https://registry.npmjs.org/xregexp/-/xregexp-5.1.1.tgz",
      "integrity": "sha512-fKXeVorD+CzWvFs7VBuKTYIW63YD1e1osxwQ8caZ6o1jg6pDAbABDG54LCIq0j5cy7PjRvGIq6sef9DYPXpncg==",
      "dependencies": {
        "@babel/runtime-corejs3": "^7.16.5"
      }
    }
  }
}
